
Microsoft Visual Studio Solution File, Format Version 11.00
# Visual Studio 2010
Project("{FAE04EC0-301F-11D3-BF4B-00C04F79EFBC}") = "MultiBoxing", "Assembly-CSharp.csproj", "{C2217E1C-3D31-EF4C-1CB1-92C80EEE060D}"
EndProject
Global
	GlobalSection(SolutionConfigurationPlatforms) = preSolution
		Debug|Any CPU = Debug|Any CPU
		Release|Any CPU = Release|Any CPU
	EndGlobalSection
	GlobalSection(ProjectConfigurationPlatforms) = postSolution
		{C2217E1C-3D31-EF4C-1CB1-92C80EEE060D}.Debug|Any CPU.ActiveCfg = Debug|Any CPU
		{C2217E1C-3D31-EF4C-1CB1-92C80EEE060D}.Debug|Any CPU.Build.0 = Debug|Any CPU
		{C2217E1C-3D31-EF4C-1CB1-92C80EEE060D}.Release|Any CPU.ActiveCfg = Release|Any CPU
		{C2217E1C-3D31-EF4C-1CB1-92C80EEE060D}.Release|Any CPU.Build.0 = Release|Any CPU
	EndGlobalSection
	GlobalSection(SolutionProperties) = preSolution
		HideSolutionNode = FALSE
	EndGlobalSection
	GlobalSection(MonoDevelopProperties) = preSolution
		StartupItem = Assembly-CSharp.csproj
	EndGlobalSection
EndGlobal
